
Microsoft Visual Studio Solution File, Format Version 12.00
# Visual Studio 15
VisualStudioVersion = 15.0.26730.16
MinimumVisualStudioVersion = 10.0.40219.1
Project("{FAE04EC0-301F-11D3-BF4B-00C04F79EFBC}") = "ShutDown", "ShutDown\ShutDown.csproj", "{ADD2D913-C87E-4FD3-92F4-9D79A72B94C0}"
EndProject
Global
	GlobalSection(SolutionConfigurationPlatforms) = preSolution
		Debug|Any CPU = Debug|Any CPU
		Release|Any CPU = Release|Any CPU
	EndGlobalSection
	GlobalSection(ProjectConfigurationPlatforms) = postSolution
		{ADD2D913-C87E-4FD3-92F4-9D79A72B94C0}.Debug|Any CPU.ActiveCfg = Debug|Any CPU
		{ADD2D913-C87E-4FD3-92F4-9D79A72B94C0}.Debug|Any CPU.Build.0 = Debug|Any CPU
		{ADD2D913-C87E-4FD3-92F4-9D79A72B94C0}.Release|Any CPU.ActiveCfg = Release|Any CPU
		{ADD2D913-C87E-4FD3-92F4-9D79A72B94C0}.Release|Any CPU.Build.0 = Release|Any CPU
	EndGlobalSection
	GlobalSection(SolutionProperties) = preSolution
		HideSolutionNode = FALSE
	EndGlobalSection
	GlobalSection(ExtensibilityGlobals) = postSolution
		SolutionGuid = {8F46BD7D-16BC-434F-9B77-A74F51BC70B3}
	EndGlobalSection
EndGlobal
